
Microsoft Visual Studio Solution File, Format Version 12.00
# Visual Studio 15
VisualStudioVersion = 15.0.27703.2042
MinimumVisualStudioVersion = 10.0.40219.1
Project("{FAE04EC0-301F-11D3-BF4B-00C04F79EFBC}") = "ScrumApplication.Entity", "ScrumApplication.Entity\ScrumApplication.Entity.csproj", "{486DB8E5-346E-409A-9991-31C6BAD29203}"
EndProject
Project("{FAE04EC0-301F-11D3-BF4B-00C04F79EFBC}") = "ScrumApplication.DAL", "ScrumApplication.DAL\ScrumApplication.DAL.csproj", "{0D2CCD7C-4CF3-43CB-9ED8-855535A403B0}"
EndProject
Project("{FAE04EC0-301F-11D3-BF4B-00C04F79EFBC}") = "ScrumApplication.Web", "ScrumApplication.Web\ScrumApplication.Web.csproj", "{19BC29BD-03F7-433B-9ED6-1EA3D2F504B6}"
EndProject
Global
	GlobalSection(SolutionConfigurationPlatforms) = preSolution
		Debug|Any CPU = Debug|Any CPU
		Release|Any CPU = Release|Any CPU
	EndGlobalSection
	GlobalSection(ProjectConfigurationPlatforms) = postSolution
		{486DB8E5-346E-409A-9991-31C6BAD29203}.Debug|Any CPU.ActiveCfg = Debug|Any CPU
		{486DB8E5-346E-409A-9991-31C6BAD29203}.Debug|Any CPU.Build.0 = Debug|Any CPU
		{486DB8E5-346E-409A-9991-31C6BAD29203}.Release|Any CPU.ActiveCfg = Release|Any CPU
		{486DB8E5-346E-409A-9991-31C6BAD29203}.Release|Any CPU.Build.0 = Release|Any CPU
		{0D2CCD7C-4CF3-43CB-9ED8-855535A403B0}.Debug|Any CPU.ActiveCfg = Debug|Any CPU
		{0D2CCD7C-4CF3-43CB-9ED8-855535A403B0}.Debug|Any CPU.Build.0 = Debug|Any CPU
		{0D2CCD7C-4CF3-43CB-9ED8-855535A403B0}.Release|Any CPU.ActiveCfg = Release|Any CPU
		{0D2CCD7C-4CF3-43CB-9ED8-855535A403B0}.Release|Any CPU.Build.0 = Release|Any CPU
		{19BC29BD-03F7-433B-9ED6-1EA3D2F504B6}.Debug|Any CPU.ActiveCfg = Debug|Any CPU
		{19BC29BD-03F7-433B-9ED6-1EA3D2F504B6}.Debug|Any CPU.Build.0 = Debug|Any CPU
		{19BC29BD-03F7-433B-9ED6-1EA3D2F504B6}.Release|Any CPU.ActiveCfg = Release|Any CPU
		{19BC29BD-03F7-433B-9ED6-1EA3D2F504B6}.Release|Any CPU.Build.0 = Release|Any CPU
	EndGlobalSection
	GlobalSection(SolutionProperties) = preSolution
		HideSolutionNode = FALSE
	EndGlobalSection
	GlobalSection(ExtensibilityGlobals) = postSolution
		SolutionGuid = {B9387757-1DF2-4F04-B5CC-D64B13883DFF}
	EndGlobalSection
EndGlobal
